{
  "originHash" : "6c4eb46019eab6eb762676d8ba1c396d7e4d566e1162dfcc037a05c7fd333fd7",
  "pins" : [
    {
      "identity" : "realm-core",
      "kind" : "remoteSourceControl",
      "location" : "https://github.com/realm/realm-core.git",
      "state" : {
        "revision" : "058ecce712b4be8b2a2384ed893bf83d56a49fc0",
        "version" : "14.10.1"
      }
    },
    {
      "identity" : "realm-swift",
      "kind" : "remoteSourceControl",
      "location" : "https://github.com/realm/realm-swift",
      "state" : {
        "revision" : "fb903a9c901cb7863953fdcb5182b05ca2275b27",
        "version" : "10.52.0"
      }
    }
  ],
  "version" : 3
}
